
Microsoft Visual Studio Solution File, Format Version 12.00
# Visual Studio 15
VisualStudioVersion = 15.0.28010.2041
MinimumVisualStudioVersion = 10.0.40219.1
Project("{FAE04EC0-301F-11D3-BF4B-00C04F79EFBC}") = "FelixTheBot", "FelixTheBot\FelixTheBot.csproj", "{84CA4DF2-712B-40CC-B4AC-C71946A1A60B}"
EndProject
Project("{2150E333-8FDC-42A3-9474-1A3956D46DE8}") = "AIMLS", "AIMLS", "{8184D5ED-1F34-4A82-8CE4-8041F12433F0}"
	ProjectSection(SolutionItems) = preProject
		FelixTheBot\aiml\Felix.aiml = FelixTheBot\aiml\Felix.aiml
		FelixTheBot\aiml\Movies_rus.aiml = FelixTheBot\aiml\Movies_rus.aiml
		FelixTheBot\aiml\Music_rus.aiml = FelixTheBot\aiml\Music_rus.aiml
	EndProjectSection
EndProject
Project("{2150E333-8FDC-42A3-9474-1A3956D46DE8}") = "Configs", "Configs", "{F8BE7679-2383-43CC-936D-C2F60AD51079}"
	ProjectSection(SolutionItems) = preProject
		FelixTheBot\config\DefaultPredicates.xml = FelixTheBot\config\DefaultPredicates.xml
		FelixTheBot\config\GenderSubstitutions.xml = FelixTheBot\config\GenderSubstitutions.xml
		FelixTheBot\config\Person2Substitutions.xml = FelixTheBot\config\Person2Substitutions.xml
		FelixTheBot\config\PersonSubstitutions.xml = FelixTheBot\config\PersonSubstitutions.xml
		FelixTheBot\config\Settings.xml = FelixTheBot\config\Settings.xml
		FelixTheBot\config\Splitters.xml = FelixTheBot\config\Splitters.xml
		FelixTheBot\config\Substitutions.xml = FelixTheBot\config\Substitutions.xml
	EndProjectSection
EndProject
Project("{2150E333-8FDC-42A3-9474-1A3956D46DE8}") = "ENGLISH AIMLS", "ENGLISH AIMLS", "{F653FC06-02C6-4EF5-B834-9A1F112B4FE9}"
	ProjectSection(SolutionItems) = preProject
		FelixTheBot\english_aimls\AI.aiml = FelixTheBot\english_aimls\AI.aiml
		FelixTheBot\english_aimls\alice.aiml = FelixTheBot\english_aimls\alice.aiml
		FelixTheBot\english_aimls\astrology.aiml = FelixTheBot\english_aimls\astrology.aiml
		FelixTheBot\english_aimls\Atomic.aiml = FelixTheBot\english_aimls\Atomic.aiml
		FelixTheBot\english_aimls\badanswer.aiml = FelixTheBot\english_aimls\badanswer.aiml
		FelixTheBot\english_aimls\binary.aiml = FelixTheBot\english_aimls\binary.aiml
		FelixTheBot\english_aimls\Biography.aiml = FelixTheBot\english_aimls\Biography.aiml
		FelixTheBot\english_aimls\Bot.aiml = FelixTheBot\english_aimls\Bot.aiml
		FelixTheBot\english_aimls\bot_profile.aiml = FelixTheBot\english_aimls\bot_profile.aiml
		FelixTheBot\english_aimls\Botmaster.aiml = FelixTheBot\english_aimls\Botmaster.aiml
		FelixTheBot\english_aimls\Client.aiml = FelixTheBot\english_aimls\Client.aiml
		FelixTheBot\english_aimls\client_profile.aiml = FelixTheBot\english_aimls\client_profile.aiml
		FelixTheBot\english_aimls\Computers.aiml = FelixTheBot\english_aimls\Computers.aiml
		FelixTheBot\english_aimls\continuation.aiml = FelixTheBot\english_aimls\continuation.aiml
		FelixTheBot\english_aimls\copyme.aiml = FelixTheBot\english_aimls\copyme.aiml
		FelixTheBot\english_aimls\CustomTagTest.aiml = FelixTheBot\english_aimls\CustomTagTest.aiml
		FelixTheBot\english_aimls\date.aiml = FelixTheBot\english_aimls\date.aiml
		FelixTheBot\english_aimls\Default.aiml = FelixTheBot\english_aimls\Default.aiml
		FelixTheBot\english_aimls\drugs.aiml = FelixTheBot\english_aimls\drugs.aiml
		FelixTheBot\english_aimls\Emotion.aiml = FelixTheBot\english_aimls\Emotion.aiml
		FelixTheBot\english_aimls\Food.aiml = FelixTheBot\english_aimls\Food.aiml
		FelixTheBot\english_aimls\Geography.aiml = FelixTheBot\english_aimls\Geography.aiml
		FelixTheBot\english_aimls\gossip.aiml = FelixTheBot\english_aimls\gossip.aiml
		FelixTheBot\english_aimls\History.aiml = FelixTheBot\english_aimls\History.aiml
		FelixTheBot\english_aimls\horoscope.aiml = FelixTheBot\english_aimls\horoscope.aiml
		FelixTheBot\english_aimls\humor.aiml = FelixTheBot\english_aimls\humor.aiml
		FelixTheBot\english_aimls\imponderables.aiml = FelixTheBot\english_aimls\imponderables.aiml
		FelixTheBot\english_aimls\Inquiry.aiml = FelixTheBot\english_aimls\Inquiry.aiml
		FelixTheBot\english_aimls\Interjection.aiml = FelixTheBot\english_aimls\Interjection.aiml
		FelixTheBot\english_aimls\IU.aiml = FelixTheBot\english_aimls\IU.aiml
		FelixTheBot\english_aimls\knockknock.aiml = FelixTheBot\english_aimls\knockknock.aiml
		FelixTheBot\english_aimls\Knowledge.aiml = FelixTheBot\english_aimls\Knowledge.aiml
		FelixTheBot\english_aimls\Literature.aiml = FelixTheBot\english_aimls\Literature.aiml
		FelixTheBot\english_aimls\loebner10.aiml = FelixTheBot\english_aimls\loebner10.aiml
		FelixTheBot\english_aimls\Money.aiml = FelixTheBot\english_aimls\Money.aiml
		FelixTheBot\english_aimls\Movies.aiml = FelixTheBot\english_aimls\Movies.aiml
		FelixTheBot\english_aimls\mp0.aiml = FelixTheBot\english_aimls\mp0.aiml
		FelixTheBot\english_aimls\mp1.aiml = FelixTheBot\english_aimls\mp1.aiml
		FelixTheBot\english_aimls\mp2.aiml = FelixTheBot\english_aimls\mp2.aiml
		FelixTheBot\english_aimls\mp3.aiml = FelixTheBot\english_aimls\mp3.aiml
		FelixTheBot\english_aimls\mp4.aiml = FelixTheBot\english_aimls\mp4.aiml
		FelixTheBot\english_aimls\mp5.aiml = FelixTheBot\english_aimls\mp5.aiml
		FelixTheBot\english_aimls\mp6.aiml = FelixTheBot\english_aimls\mp6.aiml
		FelixTheBot\english_aimls\Music.aiml = FelixTheBot\english_aimls\Music.aiml
		FelixTheBot\english_aimls\Music_rus.aiml = FelixTheBot\english_aimls\Music_rus.aiml
		FelixTheBot\english_aimls\numbers.aiml = FelixTheBot\english_aimls\numbers.aiml
		FelixTheBot\english_aimls\Personality.aiml = FelixTheBot\english_aimls\Personality.aiml
		FelixTheBot\english_aimls\Philosophy.aiml = FelixTheBot\english_aimls\Philosophy.aiml
		FelixTheBot\english_aimls\phone.aiml = FelixTheBot\english_aimls\phone.aiml
		FelixTheBot\english_aimls\Pickup.aiml = FelixTheBot\english_aimls\Pickup.aiml
		FelixTheBot\english_aimls\politics.aiml = FelixTheBot\english_aimls\politics.aiml
		FelixTheBot\english_aimls\Predicates.aiml = FelixTheBot\english_aimls\Predicates.aiml
		FelixTheBot\english_aimls\primeminister.aiml = FelixTheBot\english_aimls\primeminister.aiml
		FelixTheBot\english_aimls\primitive-math.aiml = FelixTheBot\english_aimls\primitive-math.aiml
		FelixTheBot\english_aimls\psychology.aiml = FelixTheBot\english_aimls\psychology.aiml
		FelixTheBot\english_aimls\pyschology.aiml = FelixTheBot\english_aimls\pyschology.aiml
		FelixTheBot\english_aimls\Reduce.aiml = FelixTheBot\english_aimls\Reduce.aiml
		FelixTheBot\english_aimls\reduction.names.aiml = FelixTheBot\english_aimls\reduction.names.aiml
		FelixTheBot\english_aimls\reduction0.safe.aiml = FelixTheBot\english_aimls\reduction0.safe.aiml
		FelixTheBot\english_aimls\reduction1.safe.aiml = FelixTheBot\english_aimls\reduction1.safe.aiml
		FelixTheBot\english_aimls\reduction2.safe.aiml = FelixTheBot\english_aimls\reduction2.safe.aiml
		FelixTheBot\english_aimls\reduction3.safe.aiml = FelixTheBot\english_aimls\reduction3.safe.aiml
		FelixTheBot\english_aimls\reduction4.safe.aiml = FelixTheBot\english_aimls\reduction4.safe.aiml
		FelixTheBot\english_aimls\reductions-update.aiml = FelixTheBot\english_aimls\reductions-update.aiml
		FelixTheBot\english_aimls\Reductions.aiml = FelixTheBot\english_aimls\Reductions.aiml
		FelixTheBot\english_aimls\religion.aiml = FelixTheBot\english_aimls\religion.aiml
		FelixTheBot\english_aimls\Salutations.aiml = FelixTheBot\english_aimls\Salutations.aiml
		FelixTheBot\english_aimls\Science.aiml = FelixTheBot\english_aimls\Science.aiml
		FelixTheBot\english_aimls\sex.aiml = FelixTheBot\english_aimls\sex.aiml
		FelixTheBot\english_aimls\shutup.aiml = FelixTheBot\english_aimls\shutup.aiml
		FelixTheBot\english_aimls\sports.aiml = FelixTheBot\english_aimls\sports.aiml
		FelixTheBot\english_aimls\Stack.aiml = FelixTheBot\english_aimls\Stack.aiml
		FelixTheBot\english_aimls\Stories.aiml = FelixTheBot\english_aimls\Stories.aiml
		FelixTheBot\english_aimls\That.aiml = FelixTheBot\english_aimls\That.aiml
		FelixTheBot\english_aimls\update1.aiml = FelixTheBot\english_aimls\update1.aiml
		FelixTheBot\english_aimls\update_mccormick.aiml = FelixTheBot\english_aimls\update_mccormick.aiml
		FelixTheBot\english_aimls\wallace.aiml = FelixTheBot\english_aimls\wallace.aiml
		FelixTheBot\english_aimls\xfind.aiml = FelixTheBot\english_aimls\xfind.aiml
		FelixTheBot\english_aimls\yomama.aiml = FelixTheBot\english_aimls\yomama.aiml
	EndProjectSection
EndProject
Global
	GlobalSection(SolutionConfigurationPlatforms) = preSolution
		Debug|Any CPU = Debug|Any CPU
		Release|Any CPU = Release|Any CPU
	EndGlobalSection
	GlobalSection(ProjectConfigurationPlatforms) = postSolution
		{84CA4DF2-712B-40CC-B4AC-C71946A1A60B}.Debug|Any CPU.ActiveCfg = Debug|Any CPU
		{84CA4DF2-712B-40CC-B4AC-C71946A1A60B}.Debug|Any CPU.Build.0 = Debug|Any CPU
		{84CA4DF2-712B-40CC-B4AC-C71946A1A60B}.Release|Any CPU.ActiveCfg = Release|Any CPU
		{84CA4DF2-712B-40CC-B4AC-C71946A1A60B}.Release|Any CPU.Build.0 = Release|Any CPU
	EndGlobalSection
	GlobalSection(SolutionProperties) = preSolution
		HideSolutionNode = FALSE
	EndGlobalSection
	GlobalSection(ExtensibilityGlobals) = postSolution
		SolutionGuid = {8D23EE09-E800-4B13-A15E-52399BB61BE9}
	EndGlobalSection
EndGlobal
